// !$*UTF8*$!
{
	archiveVersion = 1;
	classes = {
	};
	objectVersion = 50;
	objects = {

/* Begin PBXBuildFile section */
		474E6C502350DD0F0081F287 /* AppDelegate.swift in Sources */ = {isa = PBXBuildFile; fileRef = 474E6C4F2350DD0F0081F287 /* AppDelegate.swift */; };
		474E6C522350DD0F0081F287 /* SceneDelegate.swift in Sources */ = {isa = PBXBuildFile; fileRef = 474E6C512350DD0F0081F287 /* SceneDelegate.swift */; };
		474E6C542350DD0F0081F287 /* ContentView.swift in Sources */ = {isa = PBXBuildFile; fileRef = 474E6C532350DD0F0081F287 /* ContentView.swift */; };
		474E6C562350DD130081F287 /* Assets.xcassets in Resources */ = {isa = PBXBuildFile; fileRef = 474E6C552350DD130081F287 /* Assets.xcassets */; };
		474E6C592350DD130081F287 /* Preview Assets.xcassets in Resources */ = {isa = PBXBuildFile; fileRef = 474E6C582350DD130081F287 /* Preview Assets.xcassets */; };
		474E6C5C2350DD130081F287 /* LaunchScreen.storyboard in Resources */ = {isa = PBXBuildFile; fileRef = 474E6C5A2350DD130081F287 /* LaunchScreen.storyboard */; };
/* End PBXBuildFile section */

/* Begin PBXFileReference section */
		474E6C4C2350DD0F0081F287 /* iConvert.app */ = {isa = PBXFileReference; explicitFileType = wrapper.application; includeInIndex = 0; path = iConvert.app; sourceTree = BUILT_PRODUCTS_DIR; };
		474E6C4F2350DD0F0081F287 /* AppDelegate.swift */ = {isa = PBXFileReference; lastKnownFileType = sourcecode.swift; path = AppDelegate.swift; sourceTree = "<group>"; };
		474E6C512350DD0F0081F287 /* SceneDelegate.swift */ = {isa = PBXFileReference; lastKnownFileType = sourcecode.swift; path = SceneDelegate.swift; sourceTree = "<group>"; };
		474E6C532350DD0F0081F287 /* ContentView.swift */ = {isa = PBXFileReference; lastKnownFileType = sourcecode.swift; path = ContentView.swift; sourceTree = "<group>"; };
		474E6C552350DD130081F287 /* Assets.xcassets */ = {isa = PBXFileReference; lastKnownFileType = folder.assetcatalog; path = Assets.xcassets; sourceTree = "<group>"; };
		474E6C582350DD130081F287 /* Preview Assets.xcassets */ = {isa = PBXFileReference; lastKnownFileType = folder.assetcatalog; path = "Preview Assets.xcassets"; sourceTree = "<group>"; };
		474E6C5B2350DD130081F287 /* Base */ = {isa = PBXFileReference; lastKnownFileType = file.storyboard; name = Base; path = Base.lproj/LaunchScreen.storyboard; sourceTree = "<group>"; };
		474E6C5D2350DD130081F287 /* Info.plist */ = {isa = PBXFileReference; lastKnownFileType = text.plist.xml; path = Info.plist; sourceTree = "<group>"; };
/* End PBXFileReference section */

/* Begin PBXFrameworksBuildPhase section */
		474E6C492350DD0F0081F287 /* Frameworks */ = {
			isa = PBXFrameworksBuildPhase;
			buildActionMask = 2147483647;
			files = (
			);
			runOnlyForDeploymentPostprocessing = 0;
		};
/* End PBXFrameworksBuildPhase section */

/* Begin PBXGroup section */
		474E6C432350DD0F0081F287 = {
			isa = PBXGroup;
			children = (
				474E6C4E2350DD0F0081F287 /* iConvert */,
				474E6C4D2350DD0F0081F287 /* Products */,
			);
			sourceTree = "<group>";
		};
		474E6C4D2350DD0F0081F287 /* Products */ = {
			isa = PBXGroup;
			children = (
				474E6C4C2350DD0F0081F287 /* iConvert.app */,
			);
			name = Products;
			sourceTree = "<group>";
		};
		474E6C4E2350DD0F0081F287 /* iConvert */ = {
			isa = PBXGroup;
			children = (
				474E6C4F2350DD0F0081F287 /* AppDelegate.swift */,
				474E6C512350DD0F0081F287 /* SceneDelegate.swift */,
				474E6C532350DD0F0081F287 /* ContentView.swift */,
				474E6C552350DD130081F287 /* Assets.xcassets */,
				474E6C5A2350DD130081F287 /* LaunchScreen.storyboard */,
				474E6C5D2350DD130081F287 /* Info.plist */,
				474E6C572350DD130081F287 /* Preview Content */,
			);
			path = iConvert;
			sourceTree = "<group>";
		};
		474E6C572350DD130081F287 /* Preview Content */ = {
			isa = PBXGroup;
			children = (
				474E6C582350DD130081F287 /* Preview Assets.xcassets */,
			);
			path = "Preview Content";
			sourceTree = "<group>";
		};
/* End PBXGroup section */

/* Begin PBXNativeTarget section */
		474E6C4B2350DD0F0081F287 /* iConvert */ = {
			isa = PBXNativeTarget;
			buildConfigurationList = 474E6C602350DD130081F287 /* Build configuration list for PBXNativeTarget "iConvert" */;
			buildPhases = (
				474E6C482350DD0F0081F287 /* Sources */,
				474E6C492350DD0F0081F287 /* Frameworks */,
				474E6C4A2350DD0F0081F287 /* Resources */,
			);
			buildRules = (
			);
			dependencies = (
			);
			name = iConvert;
			productName = iConvert;
			productReference = 474E6C4C2350DD0F0081F287 /* iConvert.app */;
			productType = "com.apple.product-type.application";
		};
/* End PBXNativeTarget section */

/* Begin PBXProject section */
		474E6C442350DD0F0081F287 /* Project object */ = {
			isa = PBXProject;
			attributes = {
				LastSwiftUpdateCheck = 1110;
				LastUpgradeCheck = 1110;
				ORGANIZATIONNAME = "kirsty darbyshire";
				TargetAttributes = {
					474E6C4B2350DD0F0081F287 = {
						CreatedOnToolsVersion = 11.1;
					};
				};
			};
			buildConfigurationList = 474E6C472350DD0F0081F287 /* Build configuration list for PBXProject "iConvert" */;
			compatibilityVersion = "Xcode 9.3";
			developmentRegion = en;
			hasScannedForEncodings = 0;
			knownRegions = (
				en,
				Base,
			);
			mainGroup = 474E6C432350DD0F0081F287;
			productRefGroup = 474E6C4D2350DD0F0081F287 /* Products */;
			projectDirPath = "";
			projectRoot = "";
			targets = (
				474E6C4B2350DD0F0081F287 /* iConvert */,
			);
		};
/* End PBXProject section */

/* Begin PBXResourcesBuildPhase section */
		474E6C4A2350DD0F0081F287 /* Resources */ = {
			isa = PBXResourcesBuildPhase;
			buildActionMask = 2147483647;
			files = (
				474E6C5C2350DD130081F287 /* LaunchScreen.storyboard in Resources */,
				474E6C592350DD130081F287 /* Preview Assets.xcassets in Resources */,
				474E6C562350DD130081F287 /* Assets.xcassets in Resources */,
			);
			runOnlyForDeploymentPostprocessing = 0;
		};
/* End PBXResourcesBuildPhase section */

/* Begin PBXSourcesBuildPhase section */
		474E6C482350DD0F0081F287 /* Sources */ = {
			isa = PBXSourcesBuildPhase;
			buildActionMask = 2147483647;
			files = (
				474E6C502350DD0F0081F287 /* AppDelegate.swift in Sources */,
				474E6C522350DD0F0081F287 /* SceneDelegate.swift in Sources */,
				474E6C542350DD0F0081F287 /* ContentView.swift in Sources */,
			);
			runOnlyForDeploymentPostprocessing = 0;
		};
/* End PBXSourcesBuildPhase section */

/* Begin PBXVariantGroup section */
		474E6C5A2350DD130081F287 /* LaunchScreen.storyboard */ = {
			isa = PBXVariantGroup;
			children = (
				474E6C5B2350DD130081F287 /* Base */,
			);
			name = LaunchScreen.storyboard;
			sourceTree = "<group>";
		};
/* End PBXVariantGroup section */

/* Begin XCBuildConfiguration section */
		474E6C5E2350DD130081F287 /* Debug */ = {
			isa = XCBuildConfiguration;
			buildSettings = {
				ALWAYS_SEARCH_USER_PATHS = NO;
				CLANG_ANALYZER_NONNULL = YES;
				CLANG_ANALYZER_NUMBER_OBJECT_CONVERSION = YES_AGGRESSIVE;
				CLANG_CXX_LANGUAGE_STANDARD = "gnu++14";
				CLANG_CXX_LIBRARY = "libc++";
				CLANG_ENABLE_MODULES = YES;
				CLANG_ENABLE_OBJC_ARC = YES;
				CLANG_ENABLE_OBJC_WEAK = YES;
				CLANG_WARN_BLOCK_CAPTURE_AUTORELEASING = YES;
				CLANG_WARN_BOOL_CONVERSION = YES;
				CLANG_WARN_COMMA = YES;
				CLANG_WARN_CONSTANT_CONVERSION = YES;
				CLANG_WARN_DEPRECATED_OBJC_IMPLEMENTATIONS = YES;
				CLANG_WARN_DIRECT_OBJC_ISA_USAGE = YES_ERROR;
				CLANG_WARN_DOCUMENTATION_COMMENTS = YES;
				CLANG_WARN_EMPTY_BODY = YES;
				CLANG_WARN_ENUM_CONVERSION = YES;
				CLANG_WARN_INFINITE_RECURSION = YES;
				CLANG_WARN_INT_CONVERSION = YES;
				CLANG_WARN_NON_LITERAL_NULL_CONVERSION = YES;
				CLANG_WARN_OBJC_IMPLICIT_RETAIN_SELF = YES;
				CLANG_WARN_OBJC_LITERAL_CONVERSION = YES;
				CLANG_WARN_OBJC_ROOT_CLASS = YES_ERROR;
				CLANG_WARN_RANGE_LOOP_ANALYSIS = YES;
				CLANG_WARN_STRICT_PROTOTYPES = YES;
				CLANG_WARN_SUSPICIOUS_MOVE = YES;
				CLANG_WARN_UNGUARDED_AVAILABILITY = YES_AGGRESSIVE;
				CLANG_WARN_UNREACHABLE_CODE = YES;
				CLANG_WARN__DUPLICATE_METHOD_MATCH = YES;
				COPY_PHASE_STRIP = NO;
				DEBUG_INFORMATION_FORMAT = dwarf;
				ENABLE_STRICT_OBJC_MSGSEND = YES;
				ENABLE_TESTABILITY = YES;
				GCC_C_LANGUAGE_STANDARD = gnu11;
				GCC_DYNAMIC_NO_PIC = NO;
				GCC_NO_COMMON_BLOCKS = YES;
				GCC_OPTIMIZATION_LEVEL = 0;
				GCC_PREPROCESSOR_DEFINITIONS = (
					"DEBUG=1",
					"$(inherited)",
				);
				GCC_WARN_64_TO_32_BIT_CONVERSION = YES;
				GCC_WARN_ABOUT_RETURN_TYPE = YES_ERROR;
				GCC_WARN_UNDECLARED_SELECTOR = YES;
				GCC_WARN_UNINITIALIZED_AUTOS = YES_AGGRESSIVE;
				GCC_WARN_UNUSED_FUNCTION = YES;
				GCC_WARN_UNUSED_VARIABLE = YES;
				IPHONEOS_DEPLOYMENT_TARGET = 13.1;
				MTL_ENABLE_DEBUG_INFO = INCLUDE_SOURCE;
				MTL_FAST_MATH = YES;
				ONLY_ACTIVE_ARCH = YES;
				SDKROOT = iphoneos;
				SWIFT_ACTIVE_COMPILATION_CONDITIONS = DEBUG;
				SWIFT_OPTIMIZATION_LEVEL = "-Onone";
			};
			name = Debug;
		};
		474E6C5F2350DD130081F287 /* Release */ = {
			isa = XCBuildConfiguration;
			buildSettings = {
				ALWAYS_SEARCH_USER_PATHS = NO;
				CLANG_ANALYZER_NONNULL = YES;
				CLANG_ANALYZER_NUMBER_OBJECT_CONVERSION = YES_AGGRESSIVE;
				CLANG_CXX_LANGUAGE_STANDARD = "gnu++14";
				CLANG_CXX_LIBRARY = "libc++";
				CLANG_ENABLE_MODULES = YES;
				CLANG_ENABLE_OBJC_ARC = YES;
				CLANG_ENABLE_OBJC_WEAK = YES;
				CLANG_WARN_BLOCK_CAPTURE_AUTORELEASING = YES;
				CLANG_WARN_BOOL_CONVERSION = YES;
				CLANG_WARN_COMMA = YES;
				CLANG_WARN_CONSTANT_CONVERSION = YES;
				CLANG_WARN_DEPRECATED_OBJC_IMPLEMENTATIONS = YES;
				CLANG_WARN_DIRECT_OBJC_ISA_USAGE = YES_ERROR;
				CLANG_WARN_DOCUMENTATION_COMMENTS = YES;
				CLANG_WARN_EMPTY_BODY = YES;
				CLANG_WARN_ENUM_CONVERSION = YES;
				CLANG_WARN_INFINITE_RECURSION = YES;
				CLANG_WARN_INT_CONVERSION = YES;
				CLANG_WARN_NON_LITERAL_NULL_CONVERSION = YES;
				CLANG_WARN_OBJC_IMPLICIT_RETAIN_SELF = YES;
				CLANG_WARN_OBJC_LITERAL_CONVERSION = YES;
				CLANG_WARN_OBJC_ROOT_CLASS = YES_ERROR;
				CLANG_WARN_RANGE_LOOP_ANALYSIS = YES;
				CLANG_WARN_STRICT_PROTOTYPES = YES;
				CLANG_WARN_SUSPICIOUS_MOVE = YES;
				CLANG_WARN_UNGUARDED_AVAILABILITY = YES_AGGRESSIVE;
				CLANG_WARN_UNREACHABLE_CODE = YES;
				CLANG_WARN__DUPLICATE_METHOD_MATCH = YES;
				COPY_PHASE_STRIP = NO;
				DEBUG_INFORMATION_FORMAT = "dwarf-with-dsym";
				ENABLE_NS_ASSERTIONS = NO;
				ENABLE_STRICT_OBJC_MSGSEND = YES;
				GCC_C_LANGUAGE_STANDARD = gnu11;
				GCC_NO_COMMON_BLOCKS = YES;
				GCC_WARN_64_TO_32_BIT_CONVERSION = YES;
				GCC_WARN_ABOUT_RETURN_TYPE = YES_ERROR;
				GCC_WARN_UNDECLARED_SELECTOR = YES;
				GCC_WARN_UNINITIALIZED_AUTOS = YES_AGGRESSIVE;
				GCC_WARN_UNUSED_FUNCTION = YES;
				GCC_WARN_UNUSED_VARIABLE = YES;
				IPHONEOS_DEPLOYMENT_TARGET = 13.1;
				MTL_ENABLE_DEBUG_INFO = NO;
				MTL_FAST_MATH = YES;
				SDKROOT = iphoneos;
				SWIFT_COMPILATION_MODE = wholemodule;
				SWIFT_OPTIMIZATION_LEVEL = "-O";
				VALIDATE_PRODUCT = YES;
			};
			name = Release;
		};
		474E6C612350DD130081F287 /* Debug */ = {
			isa = XCBuildConfiguration;
			buildSettings = {
				ASSETCATALOG_COMPILER_APPICON_NAME = AppIcon;
				CODE_SIGN_STYLE = Automatic;
				DEVELOPMENT_ASSET_PATHS = "\"iConvert/Preview Content\"";
				DEVELOPMENT_TEAM = WK767LD6U2;
				ENABLE_PREVIEWS = YES;
				INFOPLIST_FILE = iConvert/Info.plist;
				LD_RUNPATH_SEARCH_PATHS = (
					"$(inherited)",
					"@executable_path/Frameworks",
				);
				PRODUCT_BUNDLE_IDENTIFIER = com.nocto.iConvert;
				PRODUCT_NAME = "$(TARGET_NAME)";
				SWIFT_VERSION = 5.0;
				TARGETED_DEVICE_FAMILY = "1,2";
			};
			name = Debug;
		};
		474E6C622350DD130081F287 /* Release */ = {
			isa = XCBuildConfiguration;
			buildSettings = {
				ASSETCATALOG_COMPILER_APPICON_NAME = AppIcon;
				CODE_SIGN_STYLE = Automatic;
				DEVELOPMENT_ASSET_PATHS = "\"iConvert/Preview Content\"";
				DEVELOPMENT_TEAM = WK767LD6U2;
				ENABLE_PREVIEWS = YES;
				INFOPLIST_FILE = iConvert/Info.plist;
				LD_RUNPATH_SEARCH_PATHS = (
					"$(inherited)",
					"@executable_path/Frameworks",
				);
				PRODUCT_BUNDLE_IDENTIFIER = com.nocto.iConvert;
				PRODUCT_NAME = "$(TARGET_NAME)";
				SWIFT_VERSION = 5.0;
				TARGETED_DEVICE_FAMILY = "1,2";
			};
			name = Release;
		};
/* End XCBuildConfiguration section */

/* Begin XCConfigurationList section */
		474E6C472350DD0F0081F287 /* Build configuration list for PBXProject "iConvert" */ = {
			isa = XCConfigurationList;
			buildConfigurations = (
				474E6C5E2350DD130081F287 /* Debug */,
				474E6C5F2350DD130081F287 /* Release */,
			);
			defaultConfigurationIsVisible = 0;
			defaultConfigurationName = Release;
		};
		474E6C602350DD130081F287 /* Build configuration list for PBXNativeTarget "iConvert" */ = {
			isa = XCConfigurationList;
			buildConfigurations = (
				474E6C612350DD130081F287 /* Debug */,
				474E6C622350DD130081F287 /* Release */,
			);
			defaultConfigurationIsVisible = 0;
			defaultConfigurationName = Release;
		};
/* End XCConfigurationList section */
	};
	rootObject = 474E6C442350DD0F0081F287 /* Project object */;
}
